
Microsoft Visual Studio Solution File, Format Version 12.00
# Visual Studio Version 17
VisualStudioVersion = 17.0.31919.166
MinimumVisualStudioVersion = 10.0.40219.1
Project("{9A19103F-16F7-4668-BE54-9A1E7A4F7556}") = "WordShopExcersice.WebApi", "WordShopExcersice.WebApi\WordShopExcersice.WebApi.csproj", "{E6DDE815-126C-4CEE-8C88-A65DDC4BCEBE}"
EndProject
Project("{9A19103F-16F7-4668-BE54-9A1E7A4F7556}") = "WordShopExcersice.Data", "WordShopExcersice.Data\WordShopExcersice.Data.csproj", "{38AED4FB-0F33-46E7-BA7B-BABA5F678ABB}"
EndProject
Project("{9A19103F-16F7-4668-BE54-9A1E7A4F7556}") = "WordShopExcersice.Services", "WordShopExcersice.Services\WordShopExcersice.Services.csproj", "{7D7F0FE9-9FEF-40BA-95A9-7D6EA619D991}"
EndProject
Project("{9A19103F-16F7-4668-BE54-9A1E7A4F7556}") = "WordShop.Test", "WordShop.Test\WordShop.Test.csproj", "{7762FDB5-2380-4778-8708-001FFBF98B4F}"
EndProject
Global
	GlobalSection(SolutionConfigurationPlatforms) = preSolution
		Debug|Any CPU = Debug|Any CPU
		Release|Any CPU = Release|Any CPU
	EndGlobalSection
	GlobalSection(ProjectConfigurationPlatforms) = postSolution
		{E6DDE815-126C-4CEE-8C88-A65DDC4BCEBE}.Debug|Any CPU.ActiveCfg = Debug|Any CPU
		{E6DDE815-126C-4CEE-8C88-A65DDC4BCEBE}.Debug|Any CPU.Build.0 = Debug|Any CPU
		{E6DDE815-126C-4CEE-8C88-A65DDC4BCEBE}.Release|Any CPU.ActiveCfg = Release|Any CPU
		{E6DDE815-126C-4CEE-8C88-A65DDC4BCEBE}.Release|Any CPU.Build.0 = Release|Any CPU
		{38AED4FB-0F33-46E7-BA7B-BABA5F678ABB}.Debug|Any CPU.ActiveCfg = Debug|Any CPU
		{38AED4FB-0F33-46E7-BA7B-BABA5F678ABB}.Debug|Any CPU.Build.0 = Debug|Any CPU
		{38AED4FB-0F33-46E7-BA7B-BABA5F678ABB}.Release|Any CPU.ActiveCfg = Release|Any CPU
		{38AED4FB-0F33-46E7-BA7B-BABA5F678ABB}.Release|Any CPU.Build.0 = Release|Any CPU
		{7D7F0FE9-9FEF-40BA-95A9-7D6EA619D991}.Debug|Any CPU.ActiveCfg = Debug|Any CPU
		{7D7F0FE9-9FEF-40BA-95A9-7D6EA619D991}.Debug|Any CPU.Build.0 = Debug|Any CPU
		{7D7F0FE9-9FEF-40BA-95A9-7D6EA619D991}.Release|Any CPU.ActiveCfg = Release|Any CPU
		{7D7F0FE9-9FEF-40BA-95A9-7D6EA619D991}.Release|Any CPU.Build.0 = Release|Any CPU
		{7762FDB5-2380-4778-8708-001FFBF98B4F}.Debug|Any CPU.ActiveCfg = Debug|Any CPU
		{7762FDB5-2380-4778-8708-001FFBF98B4F}.Debug|Any CPU.Build.0 = Debug|Any CPU
		{7762FDB5-2380-4778-8708-001FFBF98B4F}.Release|Any CPU.ActiveCfg = Release|Any CPU
		{7762FDB5-2380-4778-8708-001FFBF98B4F}.Release|Any CPU.Build.0 = Release|Any CPU
	EndGlobalSection
	GlobalSection(SolutionProperties) = preSolution
		HideSolutionNode = FALSE
	EndGlobalSection
	GlobalSection(ExtensibilityGlobals) = postSolution
		SolutionGuid = {7FB91AE7-A61B-41D3-8022-6BB6B92BA89D}
	EndGlobalSection
EndGlobal
